
Microsoft Visual Studio Solution File, Format Version 12.00
Project("{FAE04EC0-301F-11D3-BF4B-00C04F79EFBC}") = "OsheroveCalculator", "OsheroveCalculator\OsheroveCalculator.csproj", "{716A1422-340E-4969-878D-DA64B5D9F4F5}"
EndProject
Project("{FAE04EC0-301F-11D3-BF4B-00C04F79EFBC}") = "OsheroveCalculatorTest", "OsheroveCalculatorTest\OsheroveCalculatorTest.csproj", "{F5F7F057-5671-4C4C-B5C1-F30DB4088CF8}"
EndProject
Global
	GlobalSection(SolutionConfigurationPlatforms) = preSolution
		Debug|Any CPU = Debug|Any CPU
		Release|Any CPU = Release|Any CPU
	EndGlobalSection
	GlobalSection(ProjectConfigurationPlatforms) = postSolution
		{716A1422-340E-4969-878D-DA64B5D9F4F5}.Debug|Any CPU.ActiveCfg = Debug|Any CPU
		{716A1422-340E-4969-878D-DA64B5D9F4F5}.Debug|Any CPU.Build.0 = Debug|Any CPU
		{716A1422-340E-4969-878D-DA64B5D9F4F5}.Release|Any CPU.ActiveCfg = Release|Any CPU
		{716A1422-340E-4969-878D-DA64B5D9F4F5}.Release|Any CPU.Build.0 = Release|Any CPU
		{F5F7F057-5671-4C4C-B5C1-F30DB4088CF8}.Debug|Any CPU.ActiveCfg = Debug|Any CPU
		{F5F7F057-5671-4C4C-B5C1-F30DB4088CF8}.Debug|Any CPU.Build.0 = Debug|Any CPU
		{F5F7F057-5671-4C4C-B5C1-F30DB4088CF8}.Release|Any CPU.ActiveCfg = Release|Any CPU
		{F5F7F057-5671-4C4C-B5C1-F30DB4088CF8}.Release|Any CPU.Build.0 = Release|Any CPU
	EndGlobalSection
EndGlobal
